
Microsoft Visual Studio Solution File, Format Version 12.00
# Visual Studio Version 16
VisualStudioVersion = 16.0.30711.63
MinimumVisualStudioVersion = 10.0.40219.1
Project("{FAE04EC0-301F-11D3-BF4B-00C04F79EFBC}") = "GenericCollection", "GenericCollection.csproj", "{30459F9D-AA37-44B8-85E3-FA78FE0FFDBE}"
EndProject
Global
	GlobalSection(SolutionConfigurationPlatforms) = preSolution
		Debug|Any CPU = Debug|Any CPU
		Release|Any CPU = Release|Any CPU
	EndGlobalSection
	GlobalSection(ProjectConfigurationPlatforms) = postSolution
		{30459F9D-AA37-44B8-85E3-FA78FE0FFDBE}.Debug|Any CPU.ActiveCfg = Debug|Any CPU
		{30459F9D-AA37-44B8-85E3-FA78FE0FFDBE}.Debug|Any CPU.Build.0 = Debug|Any CPU
		{30459F9D-AA37-44B8-85E3-FA78FE0FFDBE}.Release|Any CPU.ActiveCfg = Release|Any CPU
		{30459F9D-AA37-44B8-85E3-FA78FE0FFDBE}.Release|Any CPU.Build.0 = Release|Any CPU
	EndGlobalSection
	GlobalSection(SolutionProperties) = preSolution
		HideSolutionNode = FALSE
	EndGlobalSection
	GlobalSection(ExtensibilityGlobals) = postSolution
		SolutionGuid = {FBCC3381-39D4-4BF5-BA29-318B533D0A24}
	EndGlobalSection
EndGlobal
