
Microsoft Visual Studio Solution File, Format Version 12.00
# Visual Studio Version 16
VisualStudioVersion = 16.0.30621.155
MinimumVisualStudioVersion = 10.0.40219.1
Project("{9A19103F-16F7-4668-BE54-9A1E7A4F7556}") = "FileDemo", "FileDemo.csproj", "{9E64D94E-14F5-4D28-9280-CBEB4DF11B92}"
EndProject
Global
	GlobalSection(SolutionConfigurationPlatforms) = preSolution
		Debug|Any CPU = Debug|Any CPU
		Release|Any CPU = Release|Any CPU
	EndGlobalSection
	GlobalSection(ProjectConfigurationPlatforms) = postSolution
		{9E64D94E-14F5-4D28-9280-CBEB4DF11B92}.Debug|Any CPU.ActiveCfg = Debug|Any CPU
		{9E64D94E-14F5-4D28-9280-CBEB4DF11B92}.Debug|Any CPU.Build.0 = Debug|Any CPU
		{9E64D94E-14F5-4D28-9280-CBEB4DF11B92}.Release|Any CPU.ActiveCfg = Release|Any CPU
		{9E64D94E-14F5-4D28-9280-CBEB4DF11B92}.Release|Any CPU.Build.0 = Release|Any CPU
	EndGlobalSection
	GlobalSection(SolutionProperties) = preSolution
		HideSolutionNode = FALSE
	EndGlobalSection
	GlobalSection(ExtensibilityGlobals) = postSolution
		SolutionGuid = {5CD10844-665A-46BF-89D3-B65168016705}
	EndGlobalSection
EndGlobal
